
Microsoft Visual Studio Solution File, Format Version 12.00
# Visual Studio 14
VisualStudioVersion = 14.0.23107.0
MinimumVisualStudioVersion = 10.0.40219.1
Project("{2150E333-8FDC-42A3-9474-1A3956D46DE8}") = "Server", "Server", "{D09E918A-2FDC-44CB-A6AC-8BEE43F40869}"
EndProject
Project("{2150E333-8FDC-42A3-9474-1A3956D46DE8}") = "BookIt.Client", "BookIt.Client", "{F08F2287-CB37-4072-BBB0-1C2BB44E56D3}"
EndProject
Project("{2150E333-8FDC-42A3-9474-1A3956D46DE8}") = "Data", "Data", "{349A974C-5B97-4D65-B3B1-01715B5A2CFF}"
EndProject
Project("{FAE04EC0-301F-11D3-BF4B-00C04F79EFBC}") = "BookIt.Data", "BookIT\BookIt.Api\Data\Bookit.Data\BookIt.Data.csproj", "{4F727F3D-A716-4030-A6E1-0B1D359AC9B4}"
EndProject
Project("{2150E333-8FDC-42A3-9474-1A3956D46DE8}") = "Services", "Services", "{E690AB5B-2A0E-4E54-BC52-75393D9691E3}"
EndProject
Project("{FAE04EC0-301F-11D3-BF4B-00C04F79EFBC}") = "BookIt.Server.Common", "BookIT\BookIt.Api\Server\BookIt.Server.Common\BookIt.Server.Common.csproj", "{461D1DF0-2EF6-4C8E-8A9B-BEB0E52F924F}"
EndProject
Project("{FAE04EC0-301F-11D3-BF4B-00C04F79EFBC}") = "BookIt.Services.Common", "BookIT\BookIt.Api\Services\BookIt.Services.Common\BookIt.Services.Common.csproj", "{47EEF198-59E2-4F07-8310-4535180ED31B}"
EndProject
Project("{FAE04EC0-301F-11D3-BF4B-00C04F79EFBC}") = "BookIt.Services.Data", "BookIT\BookIt.Api\Services\BookIt.Services.Data\BookIt.Services.Data.csproj", "{CCEC82DB-D87A-4E01-91E9-22FECE871821}"
EndProject
Project("{FAE04EC0-301F-11D3-BF4B-00C04F79EFBC}") = "BookIt.Data.Models", "BookIT\BookIt.Api\Data\BookIt.Data.Models\BookIt.Data.Models.csproj", "{F9F60195-CE27-498B-B1EC-13DE1EB9E702}"
EndProject
Project("{FAE04EC0-301F-11D3-BF4B-00C04F79EFBC}") = "BookIt.Server.DataTransferModels", "BookIT\BookIt.Api\Server\BookIt.Server.DataTransferModels\BookIt.Server.DataTransferModels.csproj", "{1D7EA778-86DF-4AF0-8D88-F50EBCF54A23}"
EndProject
Project("{FAE04EC0-301F-11D3-BF4B-00C04F79EFBC}") = "BookIt.Server.Api", "BookIT\BookIt.Api\Server\BookIt.Server.Api\BookIt.Server.Api.csproj", "{2E3539A6-F485-428D-AD5E-7A0DBCAFB5CB}"
EndProject
Project("{FAE04EC0-301F-11D3-BF4B-00C04F79EFBC}") = "BookIt.Client.SPA", "BookIT\Client\BookIt.Client.SPA\BookIt.Client.SPA.csproj", "{865FE89B-3CDE-4CC3-BB70-EA405BCAA56B}"
EndProject
Project("{2150E333-8FDC-42A3-9474-1A3956D46DE8}") = "BookIt.Api", "BookIt.Api", "{6974B4BF-724C-4474-92BC-B977C067AD44}"
EndProject
Project("{2150E333-8FDC-42A3-9474-1A3956D46DE8}") = "Tests", "Tests", "{5A4EC266-2E85-4F5C-B4A6-2E64C1F25E45}"
EndProject
Project("{FAE04EC0-301F-11D3-BF4B-00C04F79EFBC}") = "BookIt.Services.Data.Tests", "BookIT\BookIt.Api\Tests\BookIt.Services.Data.Tests\BookIt.Services.Data.Tests.csproj", "{730922D0-9B79-437A-8284-D5C1AFCC4750}"
EndProject
Project("{FAE04EC0-301F-11D3-BF4B-00C04F79EFBC}") = "BookIt.Services.Tests", "BookIT\BookIt.Api\Tests\BookIt.Services.Tests\BookIt.Services.Tests.csproj", "{B590E19E-1B4D-4B52-B12F-1F18DF768A5A}"
EndProject
Global
	GlobalSection(SolutionConfigurationPlatforms) = preSolution
		Debug|Any CPU = Debug|Any CPU
		Release|Any CPU = Release|Any CPU
	EndGlobalSection
	GlobalSection(ProjectConfigurationPlatforms) = postSolution
		{4F727F3D-A716-4030-A6E1-0B1D359AC9B4}.Debug|Any CPU.ActiveCfg = Debug|Any CPU
		{4F727F3D-A716-4030-A6E1-0B1D359AC9B4}.Debug|Any CPU.Build.0 = Debug|Any CPU
		{4F727F3D-A716-4030-A6E1-0B1D359AC9B4}.Release|Any CPU.ActiveCfg = Release|Any CPU
		{4F727F3D-A716-4030-A6E1-0B1D359AC9B4}.Release|Any CPU.Build.0 = Release|Any CPU
		{461D1DF0-2EF6-4C8E-8A9B-BEB0E52F924F}.Debug|Any CPU.ActiveCfg = Debug|Any CPU
		{461D1DF0-2EF6-4C8E-8A9B-BEB0E52F924F}.Debug|Any CPU.Build.0 = Debug|Any CPU
		{461D1DF0-2EF6-4C8E-8A9B-BEB0E52F924F}.Release|Any CPU.ActiveCfg = Release|Any CPU
		{461D1DF0-2EF6-4C8E-8A9B-BEB0E52F924F}.Release|Any CPU.Build.0 = Release|Any CPU
		{47EEF198-59E2-4F07-8310-4535180ED31B}.Debug|Any CPU.ActiveCfg = Debug|Any CPU
		{47EEF198-59E2-4F07-8310-4535180ED31B}.Debug|Any CPU.Build.0 = Debug|Any CPU
		{47EEF198-59E2-4F07-8310-4535180ED31B}.Release|Any CPU.ActiveCfg = Release|Any CPU
		{47EEF198-59E2-4F07-8310-4535180ED31B}.Release|Any CPU.Build.0 = Release|Any CPU
		{CCEC82DB-D87A-4E01-91E9-22FECE871821}.Debug|Any CPU.ActiveCfg = Debug|Any CPU
		{CCEC82DB-D87A-4E01-91E9-22FECE871821}.Debug|Any CPU.Build.0 = Debug|Any CPU
		{CCEC82DB-D87A-4E01-91E9-22FECE871821}.Release|Any CPU.ActiveCfg = Release|Any CPU
		{CCEC82DB-D87A-4E01-91E9-22FECE871821}.Release|Any CPU.Build.0 = Release|Any CPU
		{F9F60195-CE27-498B-B1EC-13DE1EB9E702}.Debug|Any CPU.ActiveCfg = Debug|Any CPU
		{F9F60195-CE27-498B-B1EC-13DE1EB9E702}.Debug|Any CPU.Build.0 = Debug|Any CPU
		{F9F60195-CE27-498B-B1EC-13DE1EB9E702}.Release|Any CPU.ActiveCfg = Release|Any CPU
		{F9F60195-CE27-498B-B1EC-13DE1EB9E702}.Release|Any CPU.Build.0 = Release|Any CPU
		{1D7EA778-86DF-4AF0-8D88-F50EBCF54A23}.Debug|Any CPU.ActiveCfg = Debug|Any CPU
		{1D7EA778-86DF-4AF0-8D88-F50EBCF54A23}.Debug|Any CPU.Build.0 = Debug|Any CPU
		{1D7EA778-86DF-4AF0-8D88-F50EBCF54A23}.Release|Any CPU.ActiveCfg = Release|Any CPU
		{1D7EA778-86DF-4AF0-8D88-F50EBCF54A23}.Release|Any CPU.Build.0 = Release|Any CPU
		{2E3539A6-F485-428D-AD5E-7A0DBCAFB5CB}.Debug|Any CPU.ActiveCfg = Debug|Any CPU
		{2E3539A6-F485-428D-AD5E-7A0DBCAFB5CB}.Debug|Any CPU.Build.0 = Debug|Any CPU
		{2E3539A6-F485-428D-AD5E-7A0DBCAFB5CB}.Release|Any CPU.ActiveCfg = Release|Any CPU
		{2E3539A6-F485-428D-AD5E-7A0DBCAFB5CB}.Release|Any CPU.Build.0 = Release|Any CPU
		{865FE89B-3CDE-4CC3-BB70-EA405BCAA56B}.Debug|Any CPU.ActiveCfg = Debug|Any CPU
		{865FE89B-3CDE-4CC3-BB70-EA405BCAA56B}.Debug|Any CPU.Build.0 = Debug|Any CPU
		{865FE89B-3CDE-4CC3-BB70-EA405BCAA56B}.Release|Any CPU.ActiveCfg = Release|Any CPU
		{865FE89B-3CDE-4CC3-BB70-EA405BCAA56B}.Release|Any CPU.Build.0 = Release|Any CPU
		{730922D0-9B79-437A-8284-D5C1AFCC4750}.Debug|Any CPU.ActiveCfg = Debug|Any CPU
		{730922D0-9B79-437A-8284-D5C1AFCC4750}.Debug|Any CPU.Build.0 = Debug|Any CPU
		{730922D0-9B79-437A-8284-D5C1AFCC4750}.Release|Any CPU.ActiveCfg = Release|Any CPU
		{730922D0-9B79-437A-8284-D5C1AFCC4750}.Release|Any CPU.Build.0 = Release|Any CPU
		{B590E19E-1B4D-4B52-B12F-1F18DF768A5A}.Debug|Any CPU.ActiveCfg = Debug|Any CPU
		{B590E19E-1B4D-4B52-B12F-1F18DF768A5A}.Debug|Any CPU.Build.0 = Debug|Any CPU
		{B590E19E-1B4D-4B52-B12F-1F18DF768A5A}.Release|Any CPU.ActiveCfg = Release|Any CPU
		{B590E19E-1B4D-4B52-B12F-1F18DF768A5A}.Release|Any CPU.Build.0 = Release|Any CPU
	EndGlobalSection
	GlobalSection(SolutionProperties) = preSolution
		HideSolutionNode = FALSE
	EndGlobalSection
	GlobalSection(NestedProjects) = preSolution
		{D09E918A-2FDC-44CB-A6AC-8BEE43F40869} = {6974B4BF-724C-4474-92BC-B977C067AD44}
		{349A974C-5B97-4D65-B3B1-01715B5A2CFF} = {6974B4BF-724C-4474-92BC-B977C067AD44}
		{4F727F3D-A716-4030-A6E1-0B1D359AC9B4} = {349A974C-5B97-4D65-B3B1-01715B5A2CFF}
		{E690AB5B-2A0E-4E54-BC52-75393D9691E3} = {6974B4BF-724C-4474-92BC-B977C067AD44}
		{461D1DF0-2EF6-4C8E-8A9B-BEB0E52F924F} = {D09E918A-2FDC-44CB-A6AC-8BEE43F40869}
		{47EEF198-59E2-4F07-8310-4535180ED31B} = {E690AB5B-2A0E-4E54-BC52-75393D9691E3}
		{CCEC82DB-D87A-4E01-91E9-22FECE871821} = {E690AB5B-2A0E-4E54-BC52-75393D9691E3}
		{F9F60195-CE27-498B-B1EC-13DE1EB9E702} = {349A974C-5B97-4D65-B3B1-01715B5A2CFF}
		{1D7EA778-86DF-4AF0-8D88-F50EBCF54A23} = {D09E918A-2FDC-44CB-A6AC-8BEE43F40869}
		{2E3539A6-F485-428D-AD5E-7A0DBCAFB5CB} = {D09E918A-2FDC-44CB-A6AC-8BEE43F40869}
		{865FE89B-3CDE-4CC3-BB70-EA405BCAA56B} = {F08F2287-CB37-4072-BBB0-1C2BB44E56D3}
		{5A4EC266-2E85-4F5C-B4A6-2E64C1F25E45} = {6974B4BF-724C-4474-92BC-B977C067AD44}
		{730922D0-9B79-437A-8284-D5C1AFCC4750} = {5A4EC266-2E85-4F5C-B4A6-2E64C1F25E45}
		{B590E19E-1B4D-4B52-B12F-1F18DF768A5A} = {5A4EC266-2E85-4F5C-B4A6-2E64C1F25E45}
	EndGlobalSection
EndGlobal
